// !$*UTF8*$!
{
	archiveVersion = 1;
	classes = {
	};
	objectVersion = 48;
	objects = {

/* Begin PBXBuildFile section */
		0C4DA8A43AE66E357DDFBC6B /* Pods_GoodDayTests.framework in Frameworks */ = {isa = PBXBuildFile; fileRef = 2430A0FEE5951C539146C369 /* Pods_GoodDayTests.framework */; };
		3D293BFB203F8D0900A6FCD3 /* Assets.xcassets in Resources */ = {isa = PBXBuildFile; fileRef = A27E8913203C2BCF000DB52D /* Assets.xcassets */; };
		3D293BFC203F8D7C00A6FCD3 /* LoadingWeatherIndicator.gif in Resources */ = {isa = PBXBuildFile; fileRef = A2882FD3203F21E300D66F0D /* LoadingWeatherIndicator.gif */; };
		3D293BFD203F8D8C00A6FCD3 /* Gotham-Black.otf in Resources */ = {isa = PBXBuildFile; fileRef = A27E8CA2203C312E000DB52D /* Gotham-Black.otf */; };
		3D293BFE203F8D8C00A6FCD3 /* Gotham-BlackItalic.otf in Resources */ = {isa = PBXBuildFile; fileRef = A27E8CA3203C312E000DB52D /* Gotham-BlackItalic.otf */; };
		3D293BFF203F8D8C00A6FCD3 /* Gotham-Bold.otf in Resources */ = {isa = PBXBuildFile; fileRef = A27E8CA4203C312E000DB52D /* Gotham-Bold.otf */; };
		3D293C00203F8D8C00A6FCD3 /* Gotham-BoldItalic.otf in Resources */ = {isa = PBXBuildFile; fileRef = A27E8CA5203C312E000DB52D /* Gotham-BoldItalic.otf */; };
		3D293C01203F8D8C00A6FCD3 /* Gotham-Book.otf in Resources */ = {isa = PBXBuildFile; fileRef = A27E8CA6203C312E000DB52D /* Gotham-Book.otf */; };
		3D293C02203F8D8C00A6FCD3 /* Gotham-BookItalic.otf in Resources */ = {isa = PBXBuildFile; fileRef = A27E8CA7203C312E000DB52D /* Gotham-BookItalic.otf */; };
		3D293C03203F8D8C00A6FCD3 /* Gotham-Light.otf in Resources */ = {isa = PBXBuildFile; fileRef = A27E8CA8203C312E000DB52D /* Gotham-Light.otf */; };
		3D293C04203F8D8C00A6FCD3 /* Gotham-LightItalic.otf in Resources */ = {isa = PBXBuildFile; fileRef = A27E8CA9203C312E000DB52D /* Gotham-LightItalic.otf */; };
		3D293C05203F8D8C00A6FCD3 /* Gotham-Medium.otf in Resources */ = {isa = PBXBuildFile; fileRef = A27E8CAA203C312E000DB52D /* Gotham-Medium.otf */; };
		3D293C06203F8D8C00A6FCD3 /* Gotham-MediumItalic.otf in Resources */ = {isa = PBXBuildFile; fileRef = A27E8CAB203C312E000DB52D /* Gotham-MediumItalic.otf */; };
		3D293C07203F8D8C00A6FCD3 /* Gotham-Thin.otf in Resources */ = {isa = PBXBuildFile; fileRef = A27E8CAC203C312E000DB52D /* Gotham-Thin.otf */; };
		3D293C08203F8D8C00A6FCD3 /* Gotham-ThinItalic.otf in Resources */ = {isa = PBXBuildFile; fileRef = A27E8CAD203C312E000DB52D /* Gotham-ThinItalic.otf */; };
		3D293C09203F8D8C00A6FCD3 /* Gotham-Ultra.otf in Resources */ = {isa = PBXBuildFile; fileRef = A27E8CAE203C312E000DB52D /* Gotham-Ultra.otf */; };
		3D293C0A203F8D8C00A6FCD3 /* Gotham-UltraItalic.otf in Resources */ = {isa = PBXBuildFile; fileRef = A27E8CAF203C312E000DB52D /* Gotham-UltraItalic.otf */; };
		3D293C0B203F8D8C00A6FCD3 /* Gotham-XLight.otf in Resources */ = {isa = PBXBuildFile; fileRef = A27E8CB0203C312E000DB52D /* Gotham-XLight.otf */; };
		3D293C0C203F8D8C00A6FCD3 /* Gotham-XLightItalic.otf in Resources */ = {isa = PBXBuildFile; fileRef = A27E8CB1203C312E000DB52D /* Gotham-XLightItalic.otf */; };
		3D293C0D203F8D8C00A6FCD3 /* GothamRnd-Bold.otf in Resources */ = {isa = PBXBuildFile; fileRef = A27E8CB2203C312E000DB52D /* GothamRnd-Bold.otf */; };
		3D293C0E203F8D8C00A6FCD3 /* GothamRnd-BoldIta.otf in Resources */ = {isa = PBXBuildFile; fileRef = A27E8CB3203C312E000DB52D /* GothamRnd-BoldIta.otf */; };
		3D293C0F203F8D8C00A6FCD3 /* GothamRnd-Book.otf in Resources */ = {isa = PBXBuildFile; fileRef = A27E8CB4203C312E000DB52D /* GothamRnd-Book.otf */; };
		3D293C10203F8D8C00A6FCD3 /* GothamRnd-BookIta.otf in Resources */ = {isa = PBXBuildFile; fileRef = A27E8CB5203C312E000DB52D /* GothamRnd-BookIta.otf */; };
		3D293C11203F8D8C00A6FCD3 /* GothamRnd-Light.otf in Resources */ = {isa = PBXBuildFile; fileRef = A27E8CB6203C312E000DB52D /* GothamRnd-Light.otf */; };
		3D293C12203F8D8C00A6FCD3 /* GothamRnd-LightIta.otf in Resources */ = {isa = PBXBuildFile; fileRef = A27E8CB7203C312E000DB52D /* GothamRnd-LightIta.otf */; };
		3D293C13203F8D8C00A6FCD3 /* GothamRnd-MedIta.otf in Resources */ = {isa = PBXBuildFile; fileRef = A27E8CB8203C312E000DB52D /* GothamRnd-MedIta.otf */; };
		3D293C14203F8D8C00A6FCD3 /* GothamRnd-Medium.otf in Resources */ = {isa = PBXBuildFile; fileRef = A27E8CB9203C312E000DB52D /* GothamRnd-Medium.otf */; };
		6BA4C056E6DCA19E893CEF2C /* Pods_GoodDayUITests.framework in Frameworks */ = {isa = PBXBuildFile; fileRef = B9C2C33EEFB81BBDD2F8CB01 /* Pods_GoodDayUITests.framework */; };
		A27E8908203C2BCF000DB52D /* AppDelegate.swift in Sources */ = {isa = PBXBuildFile; fileRef = A27E8907203C2BCF000DB52D /* AppDelegate.swift */; };
		A27E890B203C2BCF000DB52D /* GoodDay.xcdatamodeld in Sources */ = {isa = PBXBuildFile; fileRef = A27E8909203C2BCF000DB52D /* GoodDay.xcdatamodeld */; };
		A27E890F203C2BCF000DB52D /* CityWeatherDetailsViewController.swift in Sources */ = {isa = PBXBuildFile; fileRef = A27E890E203C2BCF000DB52D /* CityWeatherDetailsViewController.swift */; };
		A27E8912203C2BCF000DB52D /* Main.storyboard in Resources */ = {isa = PBXBuildFile; fileRef = A27E8910203C2BCF000DB52D /* Main.storyboard */; };
		A27E8914203C2BCF000DB52D /* Assets.xcassets in Resources */ = {isa = PBXBuildFile; fileRef = A27E8913203C2BCF000DB52D /* Assets.xcassets */; };
		A27E8917203C2BCF000DB52D /* LaunchScreen.storyboard in Resources */ = {isa = PBXBuildFile; fileRef = A27E8915203C2BCF000DB52D /* LaunchScreen.storyboard */; };
		A27E8922203C2BCF000DB52D /* GoodDayTests.swift in Sources */ = {isa = PBXBuildFile; fileRef = A27E8921203C2BCF000DB52D /* GoodDayTests.swift */; };
		A27E892D203C2BCF000DB52D /* GoodDayUITests.swift in Sources */ = {isa = PBXBuildFile; fileRef = A27E892C203C2BCF000DB52D /* GoodDayUITests.swift */; };
		A27E8CBA203C312E000DB52D /* Gotham-Black.otf in Resources */ = {isa = PBXBuildFile; fileRef = A27E8CA2203C312E000DB52D /* Gotham-Black.otf */; };
		A27E8CBB203C312E000DB52D /* Gotham-BlackItalic.otf in Resources */ = {isa = PBXBuildFile; fileRef = A27E8CA3203C312E000DB52D /* Gotham-BlackItalic.otf */; };
		A27E8CBC203C312E000DB52D /* Gotham-Bold.otf in Resources */ = {isa = PBXBuildFile; fileRef = A27E8CA4203C312E000DB52D /* Gotham-Bold.otf */; };
		A27E8CBD203C312E000DB52D /* Gotham-BoldItalic.otf in Resources */ = {isa = PBXBuildFile; fileRef = A27E8CA5203C312E000DB52D /* Gotham-BoldItalic.otf */; };
		A27E8CBE203C312E000DB52D /* Gotham-Book.otf in Resources */ = {isa = PBXBuildFile; fileRef = A27E8CA6203C312E000DB52D /* Gotham-Book.otf */; };
		A27E8CBF203C312E000DB52D /* Gotham-BookItalic.otf in Resources */ = {isa = PBXBuildFile; fileRef = A27E8CA7203C312E000DB52D /* Gotham-BookItalic.otf */; };
		A27E8CC0203C312E000DB52D /* Gotham-Light.otf in Resources */ = {isa = PBXBuildFile; fileRef = A27E8CA8203C312E000DB52D /* Gotham-Light.otf */; };
		A27E8CC1203C312E000DB52D /* Gotham-LightItalic.otf in Resources */ = {isa = PBXBuildFile; fileRef = A27E8CA9203C312E000DB52D /* Gotham-LightItalic.otf */; };
		A27E8CC2203C312E000DB52D /* Gotham-Medium.otf in Resources */ = {isa = PBXBuildFile; fileRef = A27E8CAA203C312E000DB52D /* Gotham-Medium.otf */; };
		A27E8CC3203C312E000DB52D /* Gotham-MediumItalic.otf in Resources */ = {isa = PBXBuildFile; fileRef = A27E8CAB203C312E000DB52D /* Gotham-MediumItalic.otf */; };
		A27E8CC4203C312E000DB52D /* Gotham-Thin.otf in Resources */ = {isa = PBXBuildFile; fileRef = A27E8CAC203C312E000DB52D /* Gotham-Thin.otf */; };
		A27E8CC5203C312E000DB52D /* Gotham-ThinItalic.otf in Resources */ = {isa = PBXBuildFile; fileRef = A27E8CAD203C312E000DB52D /* Gotham-ThinItalic.otf */; };
		A27E8CC6203C312E000DB52D /* Gotham-Ultra.otf in Resources */ = {isa = PBXBuildFile; fileRef = A27E8CAE203C312E000DB52D /* Gotham-Ultra.otf */; };
		A27E8CC7203C312E000DB52D /* Gotham-UltraItalic.otf in Resources */ = {isa = PBXBuildFile; fileRef = A27E8CAF203C312E000DB52D /* Gotham-UltraItalic.otf */; };
		A27E8CC8203C312E000DB52D /* Gotham-XLight.otf in Resources */ = {isa = PBXBuildFile; fileRef = A27E8CB0203C312E000DB52D /* Gotham-XLight.otf */; };
		A27E8CC9203C312E000DB52D /* Gotham-XLightItalic.otf in Resources */ = {isa = PBXBuildFile; fileRef = A27E8CB1203C312E000DB52D /* Gotham-XLightItalic.otf */; };
		A27E8CCA203C312E000DB52D /* GothamRnd-Bold.otf in Resources */ = {isa = PBXBuildFile; fileRef = A27E8CB2203C312E000DB52D /* GothamRnd-Bold.otf */; };
		A27E8CCB203C312E000DB52D /* GothamRnd-BoldIta.otf in Resources */ = {isa = PBXBuildFile; fileRef = A27E8CB3203C312E000DB52D /* GothamRnd-BoldIta.otf */; };
		A27E8CCC203C312E000DB52D /* GothamRnd-Book.otf in Resources */ = {isa = PBXBuildFile; fileRef = A27E8CB4203C312E000DB52D /* GothamRnd-Book.otf */; };
		A27E8CCD203C312E000DB52D /* GothamRnd-BookIta.otf in Resources */ = {isa = PBXBuildFile; fileRef = A27E8CB5203C312E000DB52D /* GothamRnd-BookIta.otf */; };
		A27E8CCE203C312E000DB52D /* GothamRnd-Light.otf in Resources */ = {isa = PBXBuildFile; fileRef = A27E8CB6203C312E000DB52D /* GothamRnd-Light.otf */; };
		A27E8CCF203C312F000DB52D /* GothamRnd-LightIta.otf in Resources */ = {isa = PBXBuildFile; fileRef = A27E8CB7203C312E000DB52D /* GothamRnd-LightIta.otf */; };
		A27E8CD0203C312F000DB52D /* GothamRnd-MedIta.otf in Resources */ = {isa = PBXBuildFile; fileRef = A27E8CB8203C312E000DB52D /* GothamRnd-MedIta.otf */; };
		A27E8CD1203C312F000DB52D /* GothamRnd-Medium.otf in Resources */ = {isa = PBXBuildFile; fileRef = A27E8CB9203C312E000DB52D /* GothamRnd-Medium.otf */; };
		A2882F79203C353E00D66F0D /* Coord.swift in Sources */ = {isa = PBXBuildFile; fileRef = A2882F72203C353D00D66F0D /* Coord.swift */; };
		A2882F7A203C353E00D66F0D /* Coord.swift in Sources */ = {isa = PBXBuildFile; fileRef = A2882F72203C353D00D66F0D /* Coord.swift */; };
		A2882F7B203C353E00D66F0D /* Coord.swift in Sources */ = {isa = PBXBuildFile; fileRef = A2882F72203C353D00D66F0D /* Coord.swift */; };
		A2882F7C203C353E00D66F0D /* Sys.swift in Sources */ = {isa = PBXBuildFile; fileRef = A2882F73203C353D00D66F0D /* Sys.swift */; };
		A2882F7D203C353E00D66F0D /* Sys.swift in Sources */ = {isa = PBXBuildFile; fileRef = A2882F73203C353D00D66F0D /* Sys.swift */; };
		A2882F7E203C353E00D66F0D /* Sys.swift in Sources */ = {isa = PBXBuildFile; fileRef = A2882F73203C353D00D66F0D /* Sys.swift */; };
		A2882F7F203C353E00D66F0D /* ApiResponse.swift in Sources */ = {isa = PBXBuildFile; fileRef = A2882F74203C353D00D66F0D /* ApiResponse.swift */; };
		A2882F80203C353E00D66F0D /* ApiResponse.swift in Sources */ = {isa = PBXBuildFile; fileRef = A2882F74203C353D00D66F0D /* ApiResponse.swift */; };
		A2882F81203C353E00D66F0D /* ApiResponse.swift in Sources */ = {isa = PBXBuildFile; fileRef = A2882F74203C353D00D66F0D /* ApiResponse.swift */; };
		A2882F82203C353E00D66F0D /* Wind.swift in Sources */ = {isa = PBXBuildFile; fileRef = A2882F75203C353D00D66F0D /* Wind.swift */; };
		A2882F83203C353E00D66F0D /* Wind.swift in Sources */ = {isa = PBXBuildFile; fileRef = A2882F75203C353D00D66F0D /* Wind.swift */; };
		A2882F84203C353E00D66F0D /* Wind.swift in Sources */ = {isa = PBXBuildFile; fileRef = A2882F75203C353D00D66F0D /* Wind.swift */; };
		A2882F85203C353E00D66F0D /* Main.swift in Sources */ = {isa = PBXBuildFile; fileRef = A2882F76203C353D00D66F0D /* Main.swift */; };
		A2882F86203C353E00D66F0D /* Main.swift in Sources */ = {isa = PBXBuildFile; fileRef = A2882F76203C353D00D66F0D /* Main.swift */; };
		A2882F87203C353E00D66F0D /* Main.swift in Sources */ = {isa = PBXBuildFile; fileRef = A2882F76203C353D00D66F0D /* Main.swift */; };
		A2882F88203C353E00D66F0D /* Weather.swift in Sources */ = {isa = PBXBuildFile; fileRef = A2882F77203C353E00D66F0D /* Weather.swift */; };
		A2882F89203C353E00D66F0D /* Weather.swift in Sources */ = {isa = PBXBuildFile; fileRef = A2882F77203C353E00D66F0D /* Weather.swift */; };
		A2882F8A203C353E00D66F0D /* Weather.swift in Sources */ = {isa = PBXBuildFile; fileRef = A2882F77203C353E00D66F0D /* Weather.swift */; };
		A2882F8B203C353E00D66F0D /* Cloud.swift in Sources */ = {isa = PBXBuildFile; fileRef = A2882F78203C353E00D66F0D /* Cloud.swift */; };
		A2882F8C203C353E00D66F0D /* Cloud.swift in Sources */ = {isa = PBXBuildFile; fileRef = A2882F78203C353E00D66F0D /* Cloud.swift */; };
		A2882F8D203C353E00D66F0D /* Cloud.swift in Sources */ = {isa = PBXBuildFile; fileRef = A2882F78203C353E00D66F0D /* Cloud.swift */; };
		A2882F90203C371000D66F0D /* ApiService.swift in Sources */ = {isa = PBXBuildFile; fileRef = A2882F8F203C371000D66F0D /* ApiService.swift */; };
		A2882F91203C371000D66F0D /* ApiService.swift in Sources */ = {isa = PBXBuildFile; fileRef = A2882F8F203C371000D66F0D /* ApiService.swift */; };
		A2882F92203C371000D66F0D /* ApiService.swift in Sources */ = {isa = PBXBuildFile; fileRef = A2882F8F203C371000D66F0D /* ApiService.swift */; };
		A2882F94203C41FF00D66F0D /* ApiClient.swift in Sources */ = {isa = PBXBuildFile; fileRef = A2882F93203C41FF00D66F0D /* ApiClient.swift */; };
		A2882F95203C41FF00D66F0D /* ApiClient.swift in Sources */ = {isa = PBXBuildFile; fileRef = A2882F93203C41FF00D66F0D /* ApiClient.swift */; };
		A2882F96203C41FF00D66F0D /* ApiClient.swift in Sources */ = {isa = PBXBuildFile; fileRef = A2882F93203C41FF00D66F0D /* ApiClient.swift */; };
		A2882F98203C437E00D66F0D /* MockSuccessData.json in Resources */ = {isa = PBXBuildFile; fileRef = A2882F97203C437E00D66F0D /* MockSuccessData.json */; };
		A2882F99203C437E00D66F0D /* MockSuccessData.json in Resources */ = {isa = PBXBuildFile; fileRef = A2882F97203C437E00D66F0D /* MockSuccessData.json */; };
		A2882F9A203C437E00D66F0D /* MockSuccessData.json in Resources */ = {isa = PBXBuildFile; fileRef = A2882F97203C437E00D66F0D /* MockSuccessData.json */; };
		A2882F9C203C463800D66F0D /* MockInvalidApiKey.json in Resources */ = {isa = PBXBuildFile; fileRef = A2882F9B203C463800D66F0D /* MockInvalidApiKey.json */; };
		A2882F9D203C463800D66F0D /* MockInvalidApiKey.json in Resources */ = {isa = PBXBuildFile; fileRef = A2882F9B203C463800D66F0D /* MockInvalidApiKey.json */; };
		A2882F9E203C463800D66F0D /* MockInvalidApiKey.json in Resources */ = {isa = PBXBuildFile; fileRef = A2882F9B203C463800D66F0D /* MockInvalidApiKey.json */; };
		A2882FA0203C467600D66F0D /* MockCityNotFound.json in Resources */ = {isa = PBXBuildFile; fileRef = A2882F9F203C467600D66F0D /* MockCityNotFound.json */; };
		A2882FA1203C467600D66F0D /* MockCityNotFound.json in Resources */ = {isa = PBXBuildFile; fileRef = A2882F9F203C467600D66F0D /* MockCityNotFound.json */; };
		A2882FA2203C467600D66F0D /* MockCityNotFound.json in Resources */ = {isa = PBXBuildFile; fileRef = A2882F9F203C467600D66F0D /* MockCityNotFound.json */; };
		A2882FA6203C5BDB00D66F0D /* WeatherDetailsViewModel.swift in Sources */ = {isa = PBXBuildFile; fileRef = A2882FA5203C5BDB00D66F0D /* WeatherDetailsViewModel.swift */; };
		A2882FA7203C5BDB00D66F0D /* WeatherDetailsViewModel.swift in Sources */ = {isa = PBXBuildFile; fileRef = A2882FA5203C5BDB00D66F0D /* WeatherDetailsViewModel.swift */; };
		A2882FA8203C5BDB00D66F0D /* WeatherDetailsViewModel.swift in Sources */ = {isa = PBXBuildFile; fileRef = A2882FA5203C5BDB00D66F0D /* WeatherDetailsViewModel.swift */; };
		A2882FAA203C5D6900D66F0D /* CityWeatherTableViewCell.swift in Sources */ = {isa = PBXBuildFile; fileRef = A2882FA9203C5D6900D66F0D /* CityWeatherTableViewCell.swift */; };
		A2882FAB203C5D6900D66F0D /* CityWeatherTableViewCell.swift in Sources */ = {isa = PBXBuildFile; fileRef = A2882FA9203C5D6900D66F0D /* CityWeatherTableViewCell.swift */; };
		A2882FAC203C5D6900D66F0D /* CityWeatherTableViewCell.swift in Sources */ = {isa = PBXBuildFile; fileRef = A2882FA9203C5D6900D66F0D /* CityWeatherTableViewCell.swift */; };
		A2882FB2203C5FA600D66F0D /* CityWeatherDetailsView.swift in Sources */ = {isa = PBXBuildFile; fileRef = A2882FB1203C5FA600D66F0D /* CityWeatherDetailsView.swift */; };
		A2882FB3203C5FA600D66F0D /* CityWeatherDetailsView.swift in Sources */ = {isa = PBXBuildFile; fileRef = A2882FB1203C5FA600D66F0D /* CityWeatherDetailsView.swift */; };
		A2882FB4203C5FA600D66F0D /* CityWeatherDetailsView.swift in Sources */ = {isa = PBXBuildFile; fileRef = A2882FB1203C5FA600D66F0D /* CityWeatherDetailsView.swift */; };
		A2882FC6203DAAF500D66F0D /* WeatherListTableViewController.swift in Sources */ = {isa = PBXBuildFile; fileRef = A2882FC5203DAAF500D66F0D /* WeatherListTableViewController.swift */; };
		A2882FD4203F21E300D66F0D /* LoadingWeatherIndicator.gif in Resources */ = {isa = PBXBuildFile; fileRef = A2882FD3203F21E300D66F0D /* LoadingWeatherIndicator.gif */; };
		F74D450A12D4144424E561C0 /* Pods_GoodDay.framework in Frameworks */ = {isa = PBXBuildFile; fileRef = CF4C54C7C2E6E3F1447849A6 /* Pods_GoodDay.framework */; };
/* End PBXBuildFile section */

/* Begin PBXContainerItemProxy section */
		A27E891E203C2BCF000DB52D /* PBXContainerItemProxy */ = {
			isa = PBXContainerItemProxy;
			containerPortal = A27E88FC203C2BCE000DB52D /* Project object */;
			proxyType = 1;
			remoteGlobalIDString = A27E8903203C2BCF000DB52D;
			remoteInfo = GoodDay;
		};
		A27E8929203C2BCF000DB52D /* PBXContainerItemProxy */ = {
			isa = PBXContainerItemProxy;
			containerPortal = A27E88FC203C2BCE000DB52D /* Project object */;
			proxyType = 1;
			remoteGlobalIDString = A27E8903203C2BCF000DB52D;
			remoteInfo = GoodDay;
		};
/* End PBXContainerItemProxy section */

/* Begin PBXFileReference section */
		10D5DB53A4C00E012F5F2C16 /* Pods-GoodDayTests.release.xcconfig */ = {isa = PBXFileReference; includeInIndex = 1; lastKnownFileType = text.xcconfig; name = "Pods-GoodDayTests.release.xcconfig"; path = "Pods/Target Support Files/Pods-GoodDayTests/Pods-GoodDayTests.release.xcconfig"; sourceTree = "<group>"; };
		2430A0FEE5951C539146C369 /* Pods_GoodDayTests.framework */ = {isa = PBXFileReference; explicitFileType = wrapper.framework; includeInIndex = 0; path = Pods_GoodDayTests.framework; sourceTree = BUILT_PRODUCTS_DIR; };
		244B8156D62B7E092E97E54B /* Pods-GoodDayTests.debug.xcconfig */ = {isa = PBXFileReference; includeInIndex = 1; lastKnownFileType = text.xcconfig; name = "Pods-GoodDayTests.debug.xcconfig"; path = "Pods/Target Support Files/Pods-GoodDayTests/Pods-GoodDayTests.debug.xcconfig"; sourceTree = "<group>"; };
		49067AEEB337E657089B6AB5 /* Pods-GoodDay.debug.xcconfig */ = {isa = PBXFileReference; includeInIndex = 1; lastKnownFileType = text.xcconfig; name = "Pods-GoodDay.debug.xcconfig"; path = "Pods/Target Support Files/Pods-GoodDay/Pods-GoodDay.debug.xcconfig"; sourceTree = "<group>"; };
		5D48C77E6B64B0248F980705 /* Pods-GoodDayUITests.release.xcconfig */ = {isa = PBXFileReference; includeInIndex = 1; lastKnownFileType = text.xcconfig; name = "Pods-GoodDayUITests.release.xcconfig"; path = "Pods/Target Support Files/Pods-GoodDayUITests/Pods-GoodDayUITests.release.xcconfig"; sourceTree = "<group>"; };
		73B57918D1D5B21F29D4A6EF /* Pods-GoodDay.release.xcconfig */ = {isa = PBXFileReference; includeInIndex = 1; lastKnownFileType = text.xcconfig; name = "Pods-GoodDay.release.xcconfig"; path = "Pods/Target Support Files/Pods-GoodDay/Pods-GoodDay.release.xcconfig"; sourceTree = "<group>"; };
		86D345D736F1BA9AE741957C /* Pods-GoodDayUITests.debug.xcconfig */ = {isa = PBXFileReference; includeInIndex = 1; lastKnownFileType = text.xcconfig; name = "Pods-GoodDayUITests.debug.xcconfig"; path = "Pods/Target Support Files/Pods-GoodDayUITests/Pods-GoodDayUITests.debug.xcconfig"; sourceTree = "<group>"; };
		A27E8904203C2BCF000DB52D /* GoodDay.app */ = {isa = PBXFileReference; explicitFileType = wrapper.application; includeInIndex = 0; path = GoodDay.app; sourceTree = BUILT_PRODUCTS_DIR; };
		A27E8907203C2BCF000DB52D /* AppDelegate.swift */ = {isa = PBXFileReference; lastKnownFileType = sourcecode.swift; path = AppDelegate.swift; sourceTree = "<group>"; };
		A27E890A203C2BCF000DB52D /* GoodDay.xcdatamodel */ = {isa = PBXFileReference; lastKnownFileType = wrapper.xcdatamodel; path = GoodDay.xcdatamodel; sourceTree = "<group>"; };
		A27E890E203C2BCF000DB52D /* CityWeatherDetailsViewController.swift */ = {isa = PBXFileReference; lastKnownFileType = sourcecode.swift; path = CityWeatherDetailsViewController.swift; sourceTree = "<group>"; };
		A27E8911203C2BCF000DB52D /* Base */ = {isa = PBXFileReference; lastKnownFileType = file.storyboard; name = Base; path = Base.lproj/Main.storyboard; sourceTree = "<group>"; };
		A27E8913203C2BCF000DB52D /* Assets.xcassets */ = {isa = PBXFileReference; lastKnownFileType = folder.assetcatalog; path = Assets.xcassets; sourceTree = "<group>"; };
		A27E8916203C2BCF000DB52D /* Base */ = {isa = PBXFileReference; lastKnownFileType = file.storyboard; name = Base; path = Base.lproj/LaunchScreen.storyboard; sourceTree = "<group>"; };
		A27E8918203C2BCF000DB52D /* Info.plist */ = {isa = PBXFileReference; lastKnownFileType = text.plist.xml; path = Info.plist; sourceTree = "<group>"; };
		A27E891D203C2BCF000DB52D /* GoodDayTests.xctest */ = {isa = PBXFileReference; explicitFileType = wrapper.cfbundle; includeInIndex = 0; path = GoodDayTests.xctest; sourceTree = BUILT_PRODUCTS_DIR; };
		A27E8921203C2BCF000DB52D /* GoodDayTests.swift */ = {isa = PBXFileReference; lastKnownFileType = sourcecode.swift; path = GoodDayTests.swift; sourceTree = "<group>"; };
		A27E8923203C2BCF000DB52D /* Info.plist */ = {isa = PBXFileReference; lastKnownFileType = text.plist.xml; path = Info.plist; sourceTree = "<group>"; };
		A27E8928203C2BCF000DB52D /* GoodDayUITests.xctest */ = {isa = PBXFileReference; explicitFileType = wrapper.cfbundle; includeInIndex = 0; path = GoodDayUITests.xctest; sourceTree = BUILT_PRODUCTS_DIR; };
		A27E892C203C2BCF000DB52D /* GoodDayUITests.swift */ = {isa = PBXFileReference; lastKnownFileType = sourcecode.swift; path = GoodDayUITests.swift; sourceTree = "<group>"; };
		A27E892E203C2BCF000DB52D /* Info.plist */ = {isa = PBXFileReference; lastKnownFileType = text.plist.xml; path = Info.plist; sourceTree = "<group>"; };
		A27E8CA2203C312E000DB52D /* Gotham-Black.otf */ = {isa = PBXFileReference; lastKnownFileType = file; path = "Gotham-Black.otf"; sourceTree = "<group>"; };
		A27E8CA3203C312E000DB52D /* Gotham-BlackItalic.otf */ = {isa = PBXFileReference; lastKnownFileType = file; path = "Gotham-BlackItalic.otf"; sourceTree = "<group>"; };
		A27E8CA4203C312E000DB52D /* Gotham-Bold.otf */ = {isa = PBXFileReference; lastKnownFileType = file; path = "Gotham-Bold.otf"; sourceTree = "<group>"; };
		A27E8CA5203C312E000DB52D /* Gotham-BoldItalic.otf */ = {isa = PBXFileReference; lastKnownFileType = file; path = "Gotham-BoldItalic.otf"; sourceTree = "<group>"; };
		A27E8CA6203C312E000DB52D /* Gotham-Book.otf */ = {isa = PBXFileReference; lastKnownFileType = file; path = "Gotham-Book.otf"; sourceTree = "<group>"; };
		A27E8CA7203C312E000DB52D /* Gotham-BookItalic.otf */ = {isa = PBXFileReference; lastKnownFileType = file; path = "Gotham-BookItalic.otf"; sourceTree = "<group>"; };
		A27E8CA8203C312E000DB52D /* Gotham-Light.otf */ = {isa = PBXFileReference; lastKnownFileType = file; path = "Gotham-Light.otf"; sourceTree = "<group>"; };
		A27E8CA9203C312E000DB52D /* Gotham-LightItalic.otf */ = {isa = PBXFileReference; lastKnownFileType = file; path = "Gotham-LightItalic.otf"; sourceTree = "<group>"; };
		A27E8CAA203C312E000DB52D /* Gotham-Medium.otf */ = {isa = PBXFileReference; lastKnownFileType = file; path = "Gotham-Medium.otf"; sourceTree = "<group>"; };
		A27E8CAB203C312E000DB52D /* Gotham-MediumItalic.otf */ = {isa = PBXFileReference; lastKnownFileType = file; path = "Gotham-MediumItalic.otf"; sourceTree = "<group>"; };
		A27E8CAC203C312E000DB52D /* Gotham-Thin.otf */ = {isa = PBXFileReference; lastKnownFileType = file; path = "Gotham-Thin.otf"; sourceTree = "<group>"; };
		A27E8CAD203C312E000DB52D /* Gotham-ThinItalic.otf */ = {isa = PBXFileReference; lastKnownFileType = file; path = "Gotham-ThinItalic.otf"; sourceTree = "<group>"; };
		A27E8CAE203C312E000DB52D /* Gotham-Ultra.otf */ = {isa = PBXFileReference; lastKnownFileType = file; path = "Gotham-Ultra.otf"; sourceTree = "<group>"; };
		A27E8CAF203C312E000DB52D /* Gotham-UltraItalic.otf */ = {isa = PBXFileReference; lastKnownFileType = file; path = "Gotham-UltraItalic.otf"; sourceTree = "<group>"; };
		A27E8CB0203C312E000DB52D /* Gotham-XLight.otf */ = {isa = PBXFileReference; lastKnownFileType = file; path = "Gotham-XLight.otf"; sourceTree = "<group>"; };
		A27E8CB1203C312E000DB52D /* Gotham-XLightItalic.otf */ = {isa = PBXFileReference; lastKnownFileType = file; path = "Gotham-XLightItalic.otf"; sourceTree = "<group>"; };
		A27E8CB2203C312E000DB52D /* GothamRnd-Bold.otf */ = {isa = PBXFileReference; lastKnownFileType = file; path = "GothamRnd-Bold.otf"; sourceTree = "<group>"; };
		A27E8CB3203C312E000DB52D /* GothamRnd-BoldIta.otf */ = {isa = PBXFileReference; lastKnownFileType = file; path = "GothamRnd-BoldIta.otf"; sourceTree = "<group>"; };
		A27E8CB4203C312E000DB52D /* GothamRnd-Book.otf */ = {isa = PBXFileReference; lastKnownFileType = file; path = "GothamRnd-Book.otf"; sourceTree = "<group>"; };
		A27E8CB5203C312E000DB52D /* GothamRnd-BookIta.otf */ = {isa = PBXFileReference; lastKnownFileType = file; path = "GothamRnd-BookIta.otf"; sourceTree = "<group>"; };
		A27E8CB6203C312E000DB52D /* GothamRnd-Light.otf */ = {isa = PBXFileReference; lastKnownFileType = file; path = "GothamRnd-Light.otf"; sourceTree = "<group>"; };
		A27E8CB7203C312E000DB52D /* GothamRnd-LightIta.otf */ = {isa = PBXFileReference; lastKnownFileType = file; path = "GothamRnd-LightIta.otf"; sourceTree = "<group>"; };
		A27E8CB8203C312E000DB52D /* GothamRnd-MedIta.otf */ = {isa = PBXFileReference; lastKnownFileType = file; path = "GothamRnd-MedIta.otf"; sourceTree = "<group>"; };
		A27E8CB9203C312E000DB52D /* GothamRnd-Medium.otf */ = {isa = PBXFileReference; lastKnownFileType = file; path = "GothamRnd-Medium.otf"; sourceTree = "<group>"; };
		A2882F72203C353D00D66F0D /* Coord.swift */ = {isa = PBXFileReference; fileEncoding = 4; lastKnownFileType = sourcecode.swift; path = Coord.swift; sourceTree = "<group>"; };
		A2882F73203C353D00D66F0D /* Sys.swift */ = {isa = PBXFileReference; fileEncoding = 4; lastKnownFileType = sourcecode.swift; path = Sys.swift; sourceTree = "<group>"; };
		A2882F74203C353D00D66F0D /* ApiResponse.swift */ = {isa = PBXFileReference; fileEncoding = 4; lastKnownFileType = sourcecode.swift; path = ApiResponse.swift; sourceTree = "<group>"; };
		A2882F75203C353D00D66F0D /* Wind.swift */ = {isa = PBXFileReference; fileEncoding = 4; lastKnownFileType = sourcecode.swift; path = Wind.swift; sourceTree = "<group>"; };
		A2882F76203C353D00D66F0D /* Main.swift */ = {isa = PBXFileReference; fileEncoding = 4; lastKnownFileType = sourcecode.swift; path = Main.swift; sourceTree = "<group>"; };
		A2882F77203C353E00D66F0D /* Weather.swift */ = {isa = PBXFileReference; fileEncoding = 4; lastKnownFileType = sourcecode.swift; path = Weather.swift; sourceTree = "<group>"; };
		A2882F78203C353E00D66F0D /* Cloud.swift */ = {isa = PBXFileReference; fileEncoding = 4; lastKnownFileType = sourcecode.swift; path = Cloud.swift; sourceTree = "<group>"; };
		A2882F8F203C371000D66F0D /* ApiService.swift */ = {isa = PBXFileReference; lastKnownFileType = sourcecode.swift; path = ApiService.swift; sourceTree = "<group>"; };
		A2882F93203C41FF00D66F0D /* ApiClient.swift */ = {isa = PBXFileReference; lastKnownFileType = sourcecode.swift; path = ApiClient.swift; sourceTree = "<group>"; };
		A2882F97203C437E00D66F0D /* MockSuccessData.json */ = {isa = PBXFileReference; lastKnownFileType = text.json; path = MockSuccessData.json; sourceTree = "<group>"; };
		A2882F9B203C463800D66F0D /* MockInvalidApiKey.json */ = {isa = PBXFileReference; lastKnownFileType = text.json; path = MockInvalidApiKey.json; sourceTree = "<group>"; };
		A2882F9F203C467600D66F0D /* MockCityNotFound.json */ = {isa = PBXFileReference; lastKnownFileType = text.json; path = MockCityNotFound.json; sourceTree = "<group>"; };
		A2882FA5203C5BDB00D66F0D /* WeatherDetailsViewModel.swift */ = {isa = PBXFileReference; lastKnownFileType = sourcecode.swift; path = WeatherDetailsViewModel.swift; sourceTree = "<group>"; };
		A2882FA9203C5D6900D66F0D /* CityWeatherTableViewCell.swift */ = {isa = PBXFileReference; lastKnownFileType = sourcecode.swift; path = CityWeatherTableViewCell.swift; sourceTree = "<group>"; };
		A2882FB1203C5FA600D66F0D /* CityWeatherDetailsView.swift */ = {isa = PBXFileReference; lastKnownFileType = sourcecode.swift; path = CityWeatherDetailsView.swift; sourceTree = "<group>"; };
		A2882FC5203DAAF500D66F0D /* WeatherListTableViewController.swift */ = {isa = PBXFileReference; lastKnownFileType = sourcecode.swift; path = WeatherListTableViewController.swift; sourceTree = "<group>"; };
		A2882FD3203F21E300D66F0D /* LoadingWeatherIndicator.gif */ = {isa = PBXFileReference; lastKnownFileType = image.gif; path = LoadingWeatherIndicator.gif; sourceTree = "<group>"; };
		B9C2C33EEFB81BBDD2F8CB01 /* Pods_GoodDayUITests.framework */ = {isa = PBXFileReference; explicitFileType = wrapper.framework; includeInIndex = 0; path = Pods_GoodDayUITests.framework; sourceTree = BUILT_PRODUCTS_DIR; };
		CF4C54C7C2E6E3F1447849A6 /* Pods_GoodDay.framework */ = {isa = PBXFileReference; explicitFileType = wrapper.framework; includeInIndex = 0; path = Pods_GoodDay.framework; sourceTree = BUILT_PRODUCTS_DIR; };
/* End PBXFileReference section */

/* Begin PBXFrameworksBuildPhase section */
		A27E8901203C2BCF000DB52D /* Frameworks */ = {
			isa = PBXFrameworksBuildPhase;
			buildActionMask = 2147483647;
			files = (
				F74D450A12D4144424E561C0 /* Pods_GoodDay.framework in Frameworks */,
			);
			runOnlyForDeploymentPostprocessing = 0;
		};
		A27E891A203C2BCF000DB52D /* Frameworks */ = {
			isa = PBXFrameworksBuildPhase;
			buildActionMask = 2147483647;
			files = (
				0C4DA8A43AE66E357DDFBC6B /* Pods_GoodDayTests.framework in Frameworks */,
			);
			runOnlyForDeploymentPostprocessing = 0;
		};
		A27E8925203C2BCF000DB52D /* Frameworks */ = {
			isa = PBXFrameworksBuildPhase;
			buildActionMask = 2147483647;
			files = (
				6BA4C056E6DCA19E893CEF2C /* Pods_GoodDayUITests.framework in Frameworks */,
			);
			runOnlyForDeploymentPostprocessing = 0;
		};
/* End PBXFrameworksBuildPhase section */

/* Begin PBXGroup section */
		3119EEE3925AE117F5BDC80F /* Pods */ = {
			isa = PBXGroup;
			children = (
				49067AEEB337E657089B6AB5 /* Pods-GoodDay.debug.xcconfig */,
				73B57918D1D5B21F29D4A6EF /* Pods-GoodDay.release.xcconfig */,
				244B8156D62B7E092E97E54B /* Pods-GoodDayTests.debug.xcconfig */,
				10D5DB53A4C00E012F5F2C16 /* Pods-GoodDayTests.release.xcconfig */,
				86D345D736F1BA9AE741957C /* Pods-GoodDayUITests.debug.xcconfig */,
				5D48C77E6B64B0248F980705 /* Pods-GoodDayUITests.release.xcconfig */,
			);
			name = Pods;
			sourceTree = "<group>";
		};
		A27E88FB203C2BCE000DB52D = {
			isa = PBXGroup;
			children = (
				A27E8906203C2BCF000DB52D /* GoodDay */,
				A27E8920203C2BCF000DB52D /* GoodDayTests */,
				A27E892B203C2BCF000DB52D /* GoodDayUITests */,
				A27E8905203C2BCF000DB52D /* Products */,
				3119EEE3925AE117F5BDC80F /* Pods */,
				A8305FA7399347F08F02641E /* Frameworks */,
			);
			sourceTree = "<group>";
		};
		A27E8905203C2BCF000DB52D /* Products */ = {
			isa = PBXGroup;
			children = (
				A27E8904203C2BCF000DB52D /* GoodDay.app */,
				A27E891D203C2BCF000DB52D /* GoodDayTests.xctest */,
				A27E8928203C2BCF000DB52D /* GoodDayUITests.xctest */,
			);
			name = Products;
			sourceTree = "<group>";
		};
		A27E8906203C2BCF000DB52D /* GoodDay */ = {
			isa = PBXGroup;
			children = (
				A27E8907203C2BCF000DB52D /* AppDelegate.swift */,
				A27E8915203C2BCF000DB52D /* LaunchScreen.storyboard */,
				A27E8910203C2BCF000DB52D /* Main.storyboard */,
				A2882FC5203DAAF500D66F0D /* WeatherListTableViewController.swift */,
				A27E890E203C2BCF000DB52D /* CityWeatherDetailsViewController.swift */,
				A2882F8E203C36D900D66F0D /* ServerManager */,
				A27E893B203C2D4A000DB52D /* Models */,
				A2882FA4203C5B7700D66F0D /* ViewModels */,
				A2882FA3203C56F600D66F0D /* Views */,
				A27E8913203C2BCF000DB52D /* Assets.xcassets */,
				A27E8918203C2BCF000DB52D /* Info.plist */,
				A27E8909203C2BCF000DB52D /* GoodDay.xcdatamodeld */,
				A27E893A203C2D2E000DB52D /* Extensions */,
				A27E893D203C309C000DB52D /* Support */,
			);
			path = GoodDay;
			sourceTree = "<group>";
		};
		A27E8920203C2BCF000DB52D /* GoodDayTests */ = {
			isa = PBXGroup;
			children = (
				A27E8921203C2BCF000DB52D /* GoodDayTests.swift */,
				A27E8923203C2BCF000DB52D /* Info.plist */,
				A2882F97203C437E00D66F0D /* MockSuccessData.json */,
				A2882F9B203C463800D66F0D /* MockInvalidApiKey.json */,
				A2882F9F203C467600D66F0D /* MockCityNotFound.json */,
			);
			path = GoodDayTests;
			sourceTree = "<group>";
		};
		A27E892B203C2BCF000DB52D /* GoodDayUITests */ = {
			isa = PBXGroup;
			children = (
				A27E892C203C2BCF000DB52D /* GoodDayUITests.swift */,
				A27E892E203C2BCF000DB52D /* Info.plist */,
			);
			path = GoodDayUITests;
			sourceTree = "<group>";
		};
		A27E893A203C2D2E000DB52D /* Extensions */ = {
			isa = PBXGroup;
			children = (
			);
			path = Extensions;
			sourceTree = "<group>";
		};
		A27E893B203C2D4A000DB52D /* Models */ = {
			isa = PBXGroup;
			children = (
				A2882F78203C353E00D66F0D /* Cloud.swift */,
				A2882F72203C353D00D66F0D /* Coord.swift */,
				A2882F76203C353D00D66F0D /* Main.swift */,
				A2882F74203C353D00D66F0D /* ApiResponse.swift */,
				A2882F73203C353D00D66F0D /* Sys.swift */,
				A2882F77203C353E00D66F0D /* Weather.swift */,
				A2882F75203C353D00D66F0D /* Wind.swift */,
			);
			path = Models;
			sourceTree = "<group>";
		};
		A27E893D203C309C000DB52D /* Support */ = {
			isa = PBXGroup;
			children = (
				A2882FD3203F21E300D66F0D /* LoadingWeatherIndicator.gif */,
				A27E8CA0203C312E000DB52D /* Font */,
			);
			path = Support;
			sourceTree = "<group>";
		};
		A27E8CA0203C312E000DB52D /* Font */ = {
			isa = PBXGroup;
			children = (
				A27E8CA1203C312E000DB52D /* Gotham */,
			);
			path = Font;
			sourceTree = "<group>";
		};
		A27E8CA1203C312E000DB52D /* Gotham */ = {
			isa = PBXGroup;
			children = (
				A27E8CA2203C312E000DB52D /* Gotham-Black.otf */,
				A27E8CA3203C312E000DB52D /* Gotham-BlackItalic.otf */,
				A27E8CA4203C312E000DB52D /* Gotham-Bold.otf */,
				A27E8CA5203C312E000DB52D /* Gotham-BoldItalic.otf */,
				A27E8CA6203C312E000DB52D /* Gotham-Book.otf */,
				A27E8CA7203C312E000DB52D /* Gotham-BookItalic.otf */,
				A27E8CA8203C312E000DB52D /* Gotham-Light.otf */,
				A27E8CA9203C312E000DB52D /* Gotham-LightItalic.otf */,
				A27E8CAA203C312E000DB52D /* Gotham-Medium.otf */,
				A27E8CAB203C312E000DB52D /* Gotham-MediumItalic.otf */,
				A27E8CAC203C312E000DB52D /* Gotham-Thin.otf */,
				A27E8CAD203C312E000DB52D /* Gotham-ThinItalic.otf */,
				A27E8CAE203C312E000DB52D /* Gotham-Ultra.otf */,
				A27E8CAF203C312E000DB52D /* Gotham-UltraItalic.otf */,
				A27E8CB0203C312E000DB52D /* Gotham-XLight.otf */,
				A27E8CB1203C312E000DB52D /* Gotham-XLightItalic.otf */,
				A27E8CB2203C312E000DB52D /* GothamRnd-Bold.otf */,
				A27E8CB3203C312E000DB52D /* GothamRnd-BoldIta.otf */,
				A27E8CB4203C312E000DB52D /* GothamRnd-Book.otf */,
				A27E8CB5203C312E000DB52D /* GothamRnd-BookIta.otf */,
				A27E8CB6203C312E000DB52D /* GothamRnd-Light.otf */,
				A27E8CB7203C312E000DB52D /* GothamRnd-LightIta.otf */,
				A27E8CB8203C312E000DB52D /* GothamRnd-MedIta.otf */,
				A27E8CB9203C312E000DB52D /* GothamRnd-Medium.otf */,
			);
			path = Gotham;
			sourceTree = "<group>";
		};
		A2882F8E203C36D900D66F0D /* ServerManager */ = {
			isa = PBXGroup;
			children = (
				A2882F8F203C371000D66F0D /* ApiService.swift */,
				A2882F93203C41FF00D66F0D /* ApiClient.swift */,
			);
			path = ServerManager;
			sourceTree = "<group>";
		};
		A2882FA3203C56F600D66F0D /* Views */ = {
			isa = PBXGroup;
			children = (
				A2882FA9203C5D6900D66F0D /* CityWeatherTableViewCell.swift */,
				A2882FB1203C5FA600D66F0D /* CityWeatherDetailsView.swift */,
			);
			path = Views;
			sourceTree = "<group>";
		};
		A2882FA4203C5B7700D66F0D /* ViewModels */ = {
			isa = PBXGroup;
			children = (
				A2882FA5203C5BDB00D66F0D /* WeatherDetailsViewModel.swift */,
			);
			path = ViewModels;
			sourceTree = "<group>";
		};
		A8305FA7399347F08F02641E /* Frameworks */ = {
			isa = PBXGroup;
			children = (
				CF4C54C7C2E6E3F1447849A6 /* Pods_GoodDay.framework */,
				2430A0FEE5951C539146C369 /* Pods_GoodDayTests.framework */,
				B9C2C33EEFB81BBDD2F8CB01 /* Pods_GoodDayUITests.framework */,
			);
			name = Frameworks;
			sourceTree = "<group>";
		};
/* End PBXGroup section */

/* Begin PBXNativeTarget section */
		A27E8903203C2BCF000DB52D /* GoodDay */ = {
			isa = PBXNativeTarget;
			buildConfigurationList = A27E8931203C2BCF000DB52D /* Build configuration list for PBXNativeTarget "GoodDay" */;
			buildPhases = (
				87E03D2CED236CA3C2F96B67 /* [CP] Check Pods Manifest.lock */,
				A27E8900203C2BCF000DB52D /* Sources */,
				A27E8901203C2BCF000DB52D /* Frameworks */,
				A27E8902203C2BCF000DB52D /* Resources */,
				65698DBA9C668CFE6B997AE6 /* [CP] Embed Pods Frameworks */,
				90A4F06808AB15A9C244642F /* [CP] Copy Pods Resources */,
			);
			buildRules = (
			);
			dependencies = (
			);
			name = GoodDay;
			productName = GoodDay;
			productReference = A27E8904203C2BCF000DB52D /* GoodDay.app */;
			productType = "com.apple.product-type.application";
		};
		A27E891C203C2BCF000DB52D /* GoodDayTests */ = {
			isa = PBXNativeTarget;
			buildConfigurationList = A27E8934203C2BCF000DB52D /* Build configuration list for PBXNativeTarget "GoodDayTests" */;
			buildPhases = (
				75224F46DAF8AFD3AB24E110 /* [CP] Check Pods Manifest.lock */,
				A27E8919203C2BCF000DB52D /* Sources */,
				A27E891A203C2BCF000DB52D /* Frameworks */,
				A27E891B203C2BCF000DB52D /* Resources */,
				C342274F06BC1AE27EA16E01 /* [CP] Embed Pods Frameworks */,
				6EF0F44EC8453527D92B29E9 /* [CP] Copy Pods Resources */,
			);
			buildRules = (
			);
			dependencies = (
				A27E891F203C2BCF000DB52D /* PBXTargetDependency */,
			);
			name = GoodDayTests;
			productName = GoodDayTests;
			productReference = A27E891D203C2BCF000DB52D /* GoodDayTests.xctest */;
			productType = "com.apple.product-type.bundle.unit-test";
		};
		A27E8927203C2BCF000DB52D /* GoodDayUITests */ = {
			isa = PBXNativeTarget;
			buildConfigurationList = A27E8937203C2BCF000DB52D /* Build configuration list for PBXNativeTarget "GoodDayUITests" */;
			buildPhases = (
				3C3532A3E26E06B2620A5C8E /* [CP] Check Pods Manifest.lock */,
				A27E8924203C2BCF000DB52D /* Sources */,
				A27E8925203C2BCF000DB52D /* Frameworks */,
				A27E8926203C2BCF000DB52D /* Resources */,
				6AA10B99F49F1310EAF4B9CC /* [CP] Embed Pods Frameworks */,
				BD52846CB9976D4DD2422DE0 /* [CP] Copy Pods Resources */,
			);
			buildRules = (
			);
			dependencies = (
				A27E892A203C2BCF000DB52D /* PBXTargetDependency */,
			);
			name = GoodDayUITests;
			productName = GoodDayUITests;
			productReference = A27E8928203C2BCF000DB52D /* GoodDayUITests.xctest */;
			productType = "com.apple.product-type.bundle.ui-testing";
		};
/* End PBXNativeTarget section */

/* Begin PBXProject section */
		A27E88FC203C2BCE000DB52D /* Project object */ = {
			isa = PBXProject;
			attributes = {
				LastSwiftUpdateCheck = 0920;
				LastUpgradeCheck = 0920;
				ORGANIZATIONNAME = Thred;
				TargetAttributes = {
					A27E8903203C2BCF000DB52D = {
						CreatedOnToolsVersion = 9.2;
						ProvisioningStyle = Automatic;
					};
					A27E891C203C2BCF000DB52D = {
						CreatedOnToolsVersion = 9.2;
						ProvisioningStyle = Automatic;
						TestTargetID = A27E8903203C2BCF000DB52D;
					};
					A27E8927203C2BCF000DB52D = {
						CreatedOnToolsVersion = 9.2;
						ProvisioningStyle = Automatic;
						TestTargetID = A27E8903203C2BCF000DB52D;
					};
				};
			};
			buildConfigurationList = A27E88FF203C2BCE000DB52D /* Build configuration list for PBXProject "GoodDay" */;
			compatibilityVersion = "Xcode 8.0";
			developmentRegion = en;
			hasScannedForEncodings = 0;
			knownRegions = (
				en,
				Base,
			);
			mainGroup = A27E88FB203C2BCE000DB52D;
			productRefGroup = A27E8905203C2BCF000DB52D /* Products */;
			projectDirPath = "";
			projectRoot = "";
			targets = (
				A27E8903203C2BCF000DB52D /* GoodDay */,
				A27E891C203C2BCF000DB52D /* GoodDayTests */,
				A27E8927203C2BCF000DB52D /* GoodDayUITests */,
			);
		};
/* End PBXProject section */

/* Begin PBXResourcesBuildPhase section */
		A27E8902203C2BCF000DB52D /* Resources */ = {
			isa = PBXResourcesBuildPhase;
			buildActionMask = 2147483647;
			files = (
				A27E8CBC203C312E000DB52D /* Gotham-Bold.otf in Resources */,
				A2882F9C203C463800D66F0D /* MockInvalidApiKey.json in Resources */,
				A2882FD4203F21E300D66F0D /* LoadingWeatherIndicator.gif in Resources */,
				A27E8CC1203C312E000DB52D /* Gotham-LightItalic.otf in Resources */,
				A27E8917203C2BCF000DB52D /* LaunchScreen.storyboard in Resources */,
				A27E8CCA203C312E000DB52D /* GothamRnd-Bold.otf in Resources */,
				A27E8CD1203C312F000DB52D /* GothamRnd-Medium.otf in Resources */,
				A27E8CC8203C312E000DB52D /* Gotham-XLight.otf in Resources */,
				A27E8CBB203C312E000DB52D /* Gotham-BlackItalic.otf in Resources */,
				A27E8CBD203C312E000DB52D /* Gotham-BoldItalic.otf in Resources */,
				A27E8CC0203C312E000DB52D /* Gotham-Light.otf in Resources */,
				A27E8CCD203C312E000DB52D /* GothamRnd-BookIta.otf in Resources */,
				A27E8CC9203C312E000DB52D /* Gotham-XLightItalic.otf in Resources */,
				A27E8CC2203C312E000DB52D /* Gotham-Medium.otf in Resources */,
				A27E8CCB203C312E000DB52D /* GothamRnd-BoldIta.otf in Resources */,
				A27E8CC3203C312E000DB52D /* Gotham-MediumItalic.otf in Resources */,
				A27E8CC4203C312E000DB52D /* Gotham-Thin.otf in Resources */,
				A27E8CBA203C312E000DB52D /* Gotham-Black.otf in Resources */,
				A27E8CC7203C312E000DB52D /* Gotham-UltraItalic.otf in Resources */,
				A27E8CCF203C312F000DB52D /* GothamRnd-LightIta.otf in Resources */,
				A27E8CC5203C312E000DB52D /* Gotham-ThinItalic.otf in Resources */,
				A27E8914203C2BCF000DB52D /* Assets.xcassets in Resources */,
				A27E8CC6203C312E000DB52D /* Gotham-Ultra.otf in Resources */,
				A27E8CCE203C312E000DB52D /* GothamRnd-Light.otf in Resources */,
				A27E8CBF203C312E000DB52D /* Gotham-BookItalic.otf in Resources */,
				A2882FA0203C467600D66F0D /* MockCityNotFound.json in Resources */,
				A27E8CBE203C312E000DB52D /* Gotham-Book.otf in Resources */,
				A2882F98203C437E00D66F0D /* MockSuccessData.json in Resources */,
				A27E8912203C2BCF000DB52D /* Main.storyboard in Resources */,
				A27E8CD0203C312F000DB52D /* GothamRnd-MedIta.otf in Resources */,
				A27E8CCC203C312E000DB52D /* GothamRnd-Book.otf in Resources */,
			);
			runOnlyForDeploymentPostprocessing = 0;
		};
		A27E891B203C2BCF000DB52D /* Resources */ = {
			isa = PBXResourcesBuildPhase;
			buildActionMask = 2147483647;
			files = (
				A2882FA1203C467600D66F0D /* MockCityNotFound.json in Resources */,
				A2882F9D203C463800D66F0D /* MockInvalidApiKey.json in Resources */,
				A2882F99203C437E00D66F0D /* MockSuccessData.json in Resources */,
			);
			runOnlyForDeploymentPostprocessing = 0;
		};
		A27E8926203C2BCF000DB52D /* Resources */ = {
			isa = PBXResourcesBuildPhase;
			buildActionMask = 2147483647;
			files = (
				3D293C04203F8D8C00A6FCD3 /* Gotham-LightItalic.otf in Resources */,
				3D293C06203F8D8C00A6FCD3 /* Gotham-MediumItalic.otf in Resources */,
				3D293BFE203F8D8C00A6FCD3 /* Gotham-BlackItalic.otf in Resources */,
				3D293C14203F8D8C00A6FCD3 /* GothamRnd-Medium.otf in Resources */,
				3D293BFC203F8D7C00A6FCD3 /* LoadingWeatherIndicator.gif in Resources */,
				3D293C13203F8D8C00A6FCD3 /* GothamRnd-MedIta.otf in Resources */,
				3D293C01203F8D8C00A6FCD3 /* Gotham-Book.otf in Resources */,
				3D293C0A203F8D8C00A6FCD3 /* Gotham-UltraItalic.otf in Resources */,
				3D293BFD203F8D8C00A6FCD3 /* Gotham-Black.otf in Resources */,
				3D293C08203F8D8C00A6FCD3 /* Gotham-ThinItalic.otf in Resources */,
				3D293C07203F8D8C00A6FCD3 /* Gotham-Thin.otf in Resources */,
				3D293C0B203F8D8C00A6FCD3 /* Gotham-XLight.otf in Resources */,
				3D293C0E203F8D8C00A6FCD3 /* GothamRnd-BoldIta.otf in Resources */,
				A2882FA2203C467600D66F0D /* MockCityNotFound.json in Resources */,
				3D293BFF203F8D8C00A6FCD3 /* Gotham-Bold.otf in Resources */,
				A2882F9E203C463800D66F0D /* MockInvalidApiKey.json in Resources */,
				3D293C10203F8D8C00A6FCD3 /* GothamRnd-BookIta.otf in Resources */,
				3D293C0D203F8D8C00A6FCD3 /* GothamRnd-Bold.otf in Resources */,
				3D293C12203F8D8C00A6FCD3 /* GothamRnd-LightIta.otf in Resources */,
				3D293BFB203F8D0900A6FCD3 /* Assets.xcassets in Resources */,
				3D293C0C203F8D8C00A6FCD3 /* Gotham-XLightItalic.otf in Resources */,
				3D293C03203F8D8C00A6FCD3 /* Gotham-Light.otf in Resources */,
				3D293C05203F8D8C00A6FCD3 /* Gotham-Medium.otf in Resources */,
				3D293C09203F8D8C00A6FCD3 /* Gotham-Ultra.otf in Resources */,
				3D293C11203F8D8C00A6FCD3 /* GothamRnd-Light.otf in Resources */,
				3D293C02203F8D8C00A6FCD3 /* Gotham-BookItalic.otf in Resources */,
				3D293C0F203F8D8C00A6FCD3 /* GothamRnd-Book.otf in Resources */,
				3D293C00203F8D8C00A6FCD3 /* Gotham-BoldItalic.otf in Resources */,
				A2882F9A203C437E00D66F0D /* MockSuccessData.json in Resources */,
			);
			runOnlyForDeploymentPostprocessing = 0;
		};
/* End PBXResourcesBuildPhase section */

/* Begin PBXShellScriptBuildPhase section */
		3C3532A3E26E06B2620A5C8E /* [CP] Check Pods Manifest.lock */ = {
			isa = PBXShellScriptBuildPhase;
			buildActionMask = 2147483647;
			files = (
			);
			inputPaths = (
				"${PODS_PODFILE_DIR_PATH}/Podfile.lock",
				"${PODS_ROOT}/Manifest.lock",
			);
			name = "[CP] Check Pods Manifest.lock";
			outputPaths = (
				"$(DERIVED_FILE_DIR)/Pods-GoodDayUITests-checkManifestLockResult.txt",
			);
			runOnlyForDeploymentPostprocessing = 0;
			shellPath = /bin/sh;
			shellScript = "diff \"${PODS_PODFILE_DIR_PATH}/Podfile.lock\" \"${PODS_ROOT}/Manifest.lock\" > /dev/null\nif [ $? != 0 ] ; then\n    # print error to STDERR\n    echo \"error: The sandbox is not in sync with the Podfile.lock. Run 'pod install' or update your CocoaPods installation.\" >&2\n    exit 1\nfi\n# This output is used by Xcode 'outputs' to avoid re-running this script phase.\necho \"SUCCESS\" > \"${SCRIPT_OUTPUT_FILE_0}\"\n";
			showEnvVarsInLog = 0;
		};
		65698DBA9C668CFE6B997AE6 /* [CP] Embed Pods Frameworks */ = {
			isa = PBXShellScriptBuildPhase;
			buildActionMask = 2147483647;
			files = (
			);
			inputPaths = (
				"${SRCROOT}/Pods/Target Support Files/Pods-GoodDay/Pods-GoodDay-frameworks.sh",
				"${BUILT_PRODUCTS_DIR}/AFNetworking/AFNetworking.framework",
				"${BUILT_PRODUCTS_DIR}/Alamofire/Alamofire.framework",
				"${BUILT_PRODUCTS_DIR}/Kingfisher/Kingfisher.framework",
				"${BUILT_PRODUCTS_DIR}/ObjectMapper/ObjectMapper.framework",
				"${BUILT_PRODUCTS_DIR}/RxCocoa/RxCocoa.framework",
				"${BUILT_PRODUCTS_DIR}/RxSwift/RxSwift.framework",
			);
			name = "[CP] Embed Pods Frameworks";
			outputPaths = (
				"${TARGET_BUILD_DIR}/${FRAMEWORKS_FOLDER_PATH}/AFNetworking.framework",
				"${TARGET_BUILD_DIR}/${FRAMEWORKS_FOLDER_PATH}/Alamofire.framework",
				"${TARGET_BUILD_DIR}/${FRAMEWORKS_FOLDER_PATH}/Kingfisher.framework",
				"${TARGET_BUILD_DIR}/${FRAMEWORKS_FOLDER_PATH}/ObjectMapper.framework",
				"${TARGET_BUILD_DIR}/${FRAMEWORKS_FOLDER_PATH}/RxCocoa.framework",
				"${TARGET_BUILD_DIR}/${FRAMEWORKS_FOLDER_PATH}/RxSwift.framework",
			);
			runOnlyForDeploymentPostprocessing = 0;
			shellPath = /bin/sh;
			shellScript = "\"${SRCROOT}/Pods/Target Support Files/Pods-GoodDay/Pods-GoodDay-frameworks.sh\"\n";
			showEnvVarsInLog = 0;
		};
		6AA10B99F49F1310EAF4B9CC /* [CP] Embed Pods Frameworks */ = {
			isa = PBXShellScriptBuildPhase;
			buildActionMask = 2147483647;
			files = (
			);
			inputPaths = (
				"${SRCROOT}/Pods/Target Support Files/Pods-GoodDayUITests/Pods-GoodDayUITests-frameworks.sh",
				"${BUILT_PRODUCTS_DIR}/Alamofire/Alamofire.framework",
				"${BUILT_PRODUCTS_DIR}/Kingfisher/Kingfisher.framework",
				"${BUILT_PRODUCTS_DIR}/ObjectMapper/ObjectMapper.framework",
				"${BUILT_PRODUCTS_DIR}/RxCocoa/RxCocoa.framework",
				"${BUILT_PRODUCTS_DIR}/RxSwift/RxSwift.framework",
				"${BUILT_PRODUCTS_DIR}/AFNetworking/AFNetworking.framework",
			);
			name = "[CP] Embed Pods Frameworks";
			outputPaths = (
				"${TARGET_BUILD_DIR}/${FRAMEWORKS_FOLDER_PATH}/Alamofire.framework",
				"${TARGET_BUILD_DIR}/${FRAMEWORKS_FOLDER_PATH}/Kingfisher.framework",
				"${TARGET_BUILD_DIR}/${FRAMEWORKS_FOLDER_PATH}/ObjectMapper.framework",
				"${TARGET_BUILD_DIR}/${FRAMEWORKS_FOLDER_PATH}/RxCocoa.framework",
				"${TARGET_BUILD_DIR}/${FRAMEWORKS_FOLDER_PATH}/RxSwift.framework",
				"${TARGET_BUILD_DIR}/${FRAMEWORKS_FOLDER_PATH}/AFNetworking.framework",
			);
			runOnlyForDeploymentPostprocessing = 0;
			shellPath = /bin/sh;
			shellScript = "\"${SRCROOT}/Pods/Target Support Files/Pods-GoodDayUITests/Pods-GoodDayUITests-frameworks.sh\"\n";
		};
		6EF0F44EC8453527D92B29E9 /* [CP] Copy Pods Resources */ = {
			isa = PBXShellScriptBuildPhase;
			buildActionMask = 2147483647;
			files = (
			);
			inputPaths = (
			);
			name = "[CP] Copy Pods Resources";
			outputPaths = (
			);
			runOnlyForDeploymentPostprocessing = 0;
			shellPath = /bin/sh;
			shellScript = "\"${SRCROOT}/Pods/Target Support Files/Pods-GoodDayTests/Pods-GoodDayTests-resources.sh\"\n";
			showEnvVarsInLog = 0;
		};
		75224F46DAF8AFD3AB24E110 /* [CP] Check Pods Manifest.lock */ = {
			isa = PBXShellScriptBuildPhase;
			buildActionMask = 2147483647;
			files = (
			);
			inputPaths = (
				"${PODS_PODFILE_DIR_PATH}/Podfile.lock",
				"${PODS_ROOT}/Manifest.lock",
			);
			name = "[CP] Check Pods Manifest.lock";
			outputPaths = (
				"$(DERIVED_FILE_DIR)/Pods-GoodDayTests-checkManifestLockResult.txt",
			);
			runOnlyForDeploymentPostprocessing = 0;
			shellPath = /bin/sh;
			shellScript = "diff \"${PODS_PODFILE_DIR_PATH}/Podfile.lock\" \"${PODS_ROOT}/Manifest.lock\" > /dev/null\nif [ $? != 0 ] ; then\n    # print error to STDERR\n    echo \"error: The sandbox is not in sync with the Podfile.lock. Run 'pod install' or update your CocoaPods installation.\" >&2\n    exit 1\nfi\n# This output is used by Xcode 'outputs' to avoid re-running this script phase.\necho \"SUCCESS\" > \"${SCRIPT_OUTPUT_FILE_0}\"\n";
			showEnvVarsInLog = 0;
		};
		87E03D2CED236CA3C2F96B67 /* [CP] Check Pods Manifest.lock */ = {
			isa = PBXShellScriptBuildPhase;
			buildActionMask = 2147483647;
			files = (
			);
			inputPaths = (
				"${PODS_PODFILE_DIR_PATH}/Podfile.lock",
				"${PODS_ROOT}/Manifest.lock",
			);
			name = "[CP] Check Pods Manifest.lock";
			outputPaths = (
				"$(DERIVED_FILE_DIR)/Pods-GoodDay-checkManifestLockResult.txt",
			);
			runOnlyForDeploymentPostprocessing = 0;
			shellPath = /bin/sh;
			shellScript = "diff \"${PODS_PODFILE_DIR_PATH}/Podfile.lock\" \"${PODS_ROOT}/Manifest.lock\" > /dev/null\nif [ $? != 0 ] ; then\n    # print error to STDERR\n    echo \"error: The sandbox is not in sync with the Podfile.lock. Run 'pod install' or update your CocoaPods installation.\" >&2\n    exit 1\nfi\n# This output is used by Xcode 'outputs' to avoid re-running this script phase.\necho \"SUCCESS\" > \"${SCRIPT_OUTPUT_FILE_0}\"\n";
			showEnvVarsInLog = 0;
		};
		90A4F06808AB15A9C244642F /* [CP] Copy Pods Resources */ = {
			isa = PBXShellScriptBuildPhase;
			buildActionMask = 2147483647;
			files = (
			);
			inputPaths = (
			);
			name = "[CP] Copy Pods Resources";
			outputPaths = (
			);
			runOnlyForDeploymentPostprocessing = 0;
			shellPath = /bin/sh;
			shellScript = "\"${SRCROOT}/Pods/Target Support Files/Pods-GoodDay/Pods-GoodDay-resources.sh\"\n";
			showEnvVarsInLog = 0;
		};
		BD52846CB9976D4DD2422DE0 /* [CP] Copy Pods Resources */ = {
			isa = PBXShellScriptBuildPhase;
			buildActionMask = 2147483647;
			files = (
			);
			inputPaths = (
			);
			name = "[CP] Copy Pods Resources";
			outputPaths = (
			);
			runOnlyForDeploymentPostprocessing = 0;
			shellPath = /bin/sh;
			shellScript = "\"${SRCROOT}/Pods/Target Support Files/Pods-GoodDayUITests/Pods-GoodDayUITests-resources.sh\"\n";
			showEnvVarsInLog = 0;
		};
		C342274F06BC1AE27EA16E01 /* [CP] Embed Pods Frameworks */ = {
			isa = PBXShellScriptBuildPhase;
			buildActionMask = 2147483647;
			files = (
			);
			inputPaths = (
				"${SRCROOT}/Pods/Target Support Files/Pods-GoodDayTests/Pods-GoodDayTests-frameworks.sh",
				"${BUILT_PRODUCTS_DIR}/Alamofire/Alamofire.framework",
				"${BUILT_PRODUCTS_DIR}/Kingfisher/Kingfisher.framework",
				"${BUILT_PRODUCTS_DIR}/ObjectMapper/ObjectMapper.framework",
				"${BUILT_PRODUCTS_DIR}/RxCocoa/RxCocoa.framework",
				"${BUILT_PRODUCTS_DIR}/RxSwift/RxSwift.framework",
				"${BUILT_PRODUCTS_DIR}/AFNetworking/AFNetworking.framework",
			);
			name = "[CP] Embed Pods Frameworks";
			outputPaths = (
				"${TARGET_BUILD_DIR}/${FRAMEWORKS_FOLDER_PATH}/Alamofire.framework",
				"${TARGET_BUILD_DIR}/${FRAMEWORKS_FOLDER_PATH}/Kingfisher.framework",
				"${TARGET_BUILD_DIR}/${FRAMEWORKS_FOLDER_PATH}/ObjectMapper.framework",
				"${TARGET_BUILD_DIR}/${FRAMEWORKS_FOLDER_PATH}/RxCocoa.framework",
				"${TARGET_BUILD_DIR}/${FRAMEWORKS_FOLDER_PATH}/RxSwift.framework",
				"${TARGET_BUILD_DIR}/${FRAMEWORKS_FOLDER_PATH}/AFNetworking.framework",
			);
			runOnlyForDeploymentPostprocessing = 0;
			shellPath = /bin/sh;
			shellScript = "\"${SRCROOT}/Pods/Target Support Files/Pods-GoodDayTests/Pods-GoodDayTests-frameworks.sh\"\n";
			showEnvVarsInLog = 0;
		};
/* End PBXShellScriptBuildPhase section */

/* Begin PBXSourcesBuildPhase section */
		A27E8900203C2BCF000DB52D /* Sources */ = {
			isa = PBXSourcesBuildPhase;
			buildActionMask = 2147483647;
			files = (
				A2882FAA203C5D6900D66F0D /* CityWeatherTableViewCell.swift in Sources */,
				A2882F85203C353E00D66F0D /* Main.swift in Sources */,
				A27E8908203C2BCF000DB52D /* AppDelegate.swift in Sources */,
				A2882F90203C371000D66F0D /* ApiService.swift in Sources */,
				A2882FA6203C5BDB00D66F0D /* WeatherDetailsViewModel.swift in Sources */,
				A2882F8B203C353E00D66F0D /* Cloud.swift in Sources */,
				A2882FC6203DAAF500D66F0D /* WeatherListTableViewController.swift in Sources */,
				A2882F79203C353E00D66F0D /* Coord.swift in Sources */,
				A27E890B203C2BCF000DB52D /* GoodDay.xcdatamodeld in Sources */,
				A2882F88203C353E00D66F0D /* Weather.swift in Sources */,
				A2882F94203C41FF00D66F0D /* ApiClient.swift in Sources */,
				A2882F7F203C353E00D66F0D /* ApiResponse.swift in Sources */,
				A2882FB2203C5FA600D66F0D /* CityWeatherDetailsView.swift in Sources */,
				A27E890F203C2BCF000DB52D /* CityWeatherDetailsViewController.swift in Sources */,
				A2882F7C203C353E00D66F0D /* Sys.swift in Sources */,
				A2882F82203C353E00D66F0D /* Wind.swift in Sources */,
			);
			runOnlyForDeploymentPostprocessing = 0;
		};
		A27E8919203C2BCF000DB52D /* Sources */ = {
			isa = PBXSourcesBuildPhase;
			buildActionMask = 2147483647;
			files = (
				A2882FAB203C5D6900D66F0D /* CityWeatherTableViewCell.swift in Sources */,
				A2882FB3203C5FA600D66F0D /* CityWeatherDetailsView.swift in Sources */,
				A2882F86203C353E00D66F0D /* Main.swift in Sources */,
				A2882F80203C353E00D66F0D /* ApiResponse.swift in Sources */,
				A2882F83203C353E00D66F0D /* Wind.swift in Sources */,
				A2882FA7203C5BDB00D66F0D /* WeatherDetailsViewModel.swift in Sources */,
				A27E8922203C2BCF000DB52D /* GoodDayTests.swift in Sources */,
				A2882F7A203C353E00D66F0D /* Coord.swift in Sources */,
				A2882F91203C371000D66F0D /* ApiService.swift in Sources */,
				A2882F8C203C353E00D66F0D /* Cloud.swift in Sources */,
				A2882F7D203C353E00D66F0D /* Sys.swift in Sources */,
				A2882F89203C353E00D66F0D /* Weather.swift in Sources */,
				A2882F95203C41FF00D66F0D /* ApiClient.swift in Sources */,
			);
			runOnlyForDeploymentPostprocessing = 0;
		};
		A27E8924203C2BCF000DB52D /* Sources */ = {
			isa = PBXSourcesBuildPhase;
			buildActionMask = 2147483647;
			files = (
				A2882FAC203C5D6900D66F0D /* CityWeatherTableViewCell.swift in Sources */,
				A2882FB4203C5FA600D66F0D /* CityWeatherDetailsView.swift in Sources */,
				A2882F87203C353E00D66F0D /* Main.swift in Sources */,
				A2882F81203C353E00D66F0D /* ApiResponse.swift in Sources */,
				A2882F84203C353E00D66F0D /* Wind.swift in Sources */,
				A2882FA8203C5BDB00D66F0D /* WeatherDetailsViewModel.swift in Sources */,
				A27E892D203C2BCF000DB52D /* GoodDayUITests.swift in Sources */,
				A2882F7B203C353E00D66F0D /* Coord.swift in Sources */,
				A2882F92203C371000D66F0D /* ApiService.swift in Sources */,
				A2882F8D203C353E00D66F0D /* Cloud.swift in Sources */,
				A2882F7E203C353E00D66F0D /* Sys.swift in Sources */,
				A2882F8A203C353E00D66F0D /* Weather.swift in Sources */,
				A2882F96203C41FF00D66F0D /* ApiClient.swift in Sources */,
			);
			runOnlyForDeploymentPostprocessing = 0;
		};
/* End PBXSourcesBuildPhase section */

/* Begin PBXTargetDependency section */
		A27E891F203C2BCF000DB52D /* PBXTargetDependency */ = {
			isa = PBXTargetDependency;
			target = A27E8903203C2BCF000DB52D /* GoodDay */;
			targetProxy = A27E891E203C2BCF000DB52D /* PBXContainerItemProxy */;
		};
		A27E892A203C2BCF000DB52D /* PBXTargetDependency */ = {
			isa = PBXTargetDependency;
			target = A27E8903203C2BCF000DB52D /* GoodDay */;
			targetProxy = A27E8929203C2BCF000DB52D /* PBXContainerItemProxy */;
		};
/* End PBXTargetDependency section */

/* Begin PBXVariantGroup section */
		A27E8910203C2BCF000DB52D /* Main.storyboard */ = {
			isa = PBXVariantGroup;
			children = (
				A27E8911203C2BCF000DB52D /* Base */,
			);
			name = Main.storyboard;
			sourceTree = "<group>";
		};
		A27E8915203C2BCF000DB52D /* LaunchScreen.storyboard */ = {
			isa = PBXVariantGroup;
			children = (
				A27E8916203C2BCF000DB52D /* Base */,
			);
			name = LaunchScreen.storyboard;
			sourceTree = "<group>";
		};
/* End PBXVariantGroup section */

/* Begin XCBuildConfiguration section */
		A27E892F203C2BCF000DB52D /* Debug */ = {
			isa = XCBuildConfiguration;
			buildSettings = {
				ALWAYS_SEARCH_USER_PATHS = NO;
				CLANG_ANALYZER_NONNULL = YES;
				CLANG_ANALYZER_NUMBER_OBJECT_CONVERSION = YES_AGGRESSIVE;
				CLANG_CXX_LANGUAGE_STANDARD = "gnu++14";
				CLANG_CXX_LIBRARY = "libc++";
				CLANG_ENABLE_MODULES = YES;
				CLANG_ENABLE_OBJC_ARC = YES;
				CLANG_WARN_BLOCK_CAPTURE_AUTORELEASING = YES;
				CLANG_WARN_BOOL_CONVERSION = YES;
				CLANG_WARN_COMMA = YES;
				CLANG_WARN_CONSTANT_CONVERSION = YES;
				CLANG_WARN_DIRECT_OBJC_ISA_USAGE = YES_ERROR;
				CLANG_WARN_DOCUMENTATION_COMMENTS = YES;
				CLANG_WARN_EMPTY_BODY = YES;
				CLANG_WARN_ENUM_CONVERSION = YES;
				CLANG_WARN_INFINITE_RECURSION = YES;
				CLANG_WARN_INT_CONVERSION = YES;
				CLANG_WARN_NON_LITERAL_NULL_CONVERSION = YES;
				CLANG_WARN_OBJC_LITERAL_CONVERSION = YES;
				CLANG_WARN_OBJC_ROOT_CLASS = YES_ERROR;
				CLANG_WARN_RANGE_LOOP_ANALYSIS = YES;
				CLANG_WARN_STRICT_PROTOTYPES = YES;
				CLANG_WARN_SUSPICIOUS_MOVE = YES;
				CLANG_WARN_UNGUARDED_AVAILABILITY = YES_AGGRESSIVE;
				CLANG_WARN_UNREACHABLE_CODE = YES;
				CLANG_WARN__DUPLICATE_METHOD_MATCH = YES;
				CODE_SIGN_IDENTITY = "iPhone Developer";
				COPY_PHASE_STRIP = NO;
				DEBUG_INFORMATION_FORMAT = dwarf;
				ENABLE_STRICT_OBJC_MSGSEND = YES;
				ENABLE_TESTABILITY = YES;
				GCC_C_LANGUAGE_STANDARD = gnu11;
				GCC_DYNAMIC_NO_PIC = NO;
				GCC_NO_COMMON_BLOCKS = YES;
				GCC_OPTIMIZATION_LEVEL = 0;
				GCC_PREPROCESSOR_DEFINITIONS = (
					"DEBUG=1",
					"$(inherited)",
				);
				GCC_WARN_64_TO_32_BIT_CONVERSION = YES;
				GCC_WARN_ABOUT_RETURN_TYPE = YES_ERROR;
				GCC_WARN_UNDECLARED_SELECTOR = YES;
				GCC_WARN_UNINITIALIZED_AUTOS = YES_AGGRESSIVE;
				GCC_WARN_UNUSED_FUNCTION = YES;
				GCC_WARN_UNUSED_VARIABLE = YES;
				IPHONEOS_DEPLOYMENT_TARGET = 11.2;
				MTL_ENABLE_DEBUG_INFO = YES;
				ONLY_ACTIVE_ARCH = YES;
				SDKROOT = iphoneos;
				SWIFT_ACTIVE_COMPILATION_CONDITIONS = DEBUG;
				SWIFT_OPTIMIZATION_LEVEL = "-Onone";
			};
			name = Debug;
		};
		A27E8930203C2BCF000DB52D /* Release */ = {
			isa = XCBuildConfiguration;
			buildSettings = {
				ALWAYS_SEARCH_USER_PATHS = NO;
				CLANG_ANALYZER_NONNULL = YES;
				CLANG_ANALYZER_NUMBER_OBJECT_CONVERSION = YES_AGGRESSIVE;
				CLANG_CXX_LANGUAGE_STANDARD = "gnu++14";
				CLANG_CXX_LIBRARY = "libc++";
				CLANG_ENABLE_MODULES = YES;
				CLANG_ENABLE_OBJC_ARC = YES;
				CLANG_WARN_BLOCK_CAPTURE_AUTORELEASING = YES;
				CLANG_WARN_BOOL_CONVERSION = YES;
				CLANG_WARN_COMMA = YES;
				CLANG_WARN_CONSTANT_CONVERSION = YES;
				CLANG_WARN_DIRECT_OBJC_ISA_USAGE = YES_ERROR;
				CLANG_WARN_DOCUMENTATION_COMMENTS = YES;
				CLANG_WARN_EMPTY_BODY = YES;
				CLANG_WARN_ENUM_CONVERSION = YES;
				CLANG_WARN_INFINITE_RECURSION = YES;
				CLANG_WARN_INT_CONVERSION = YES;
				CLANG_WARN_NON_LITERAL_NULL_CONVERSION = YES;
				CLANG_WARN_OBJC_LITERAL_CONVERSION = YES;
				CLANG_WARN_OBJC_ROOT_CLASS = YES_ERROR;
				CLANG_WARN_RANGE_LOOP_ANALYSIS = YES;
				CLANG_WARN_STRICT_PROTOTYPES = YES;
				CLANG_WARN_SUSPICIOUS_MOVE = YES;
				CLANG_WARN_UNGUARDED_AVAILABILITY = YES_AGGRESSIVE;
				CLANG_WARN_UNREACHABLE_CODE = YES;
				CLANG_WARN__DUPLICATE_METHOD_MATCH = YES;
				CODE_SIGN_IDENTITY = "iPhone Developer";
				COPY_PHASE_STRIP = NO;
				DEBUG_INFORMATION_FORMAT = "dwarf-with-dsym";
				ENABLE_NS_ASSERTIONS = NO;
				ENABLE_STRICT_OBJC_MSGSEND = YES;
				GCC_C_LANGUAGE_STANDARD = gnu11;
				GCC_NO_COMMON_BLOCKS = YES;
				GCC_WARN_64_TO_32_BIT_CONVERSION = YES;
				GCC_WARN_ABOUT_RETURN_TYPE = YES_ERROR;
				GCC_WARN_UNDECLARED_SELECTOR = YES;
				GCC_WARN_UNINITIALIZED_AUTOS = YES_AGGRESSIVE;
				GCC_WARN_UNUSED_FUNCTION = YES;
				GCC_WARN_UNUSED_VARIABLE = YES;
				IPHONEOS_DEPLOYMENT_TARGET = 11.2;
				MTL_ENABLE_DEBUG_INFO = NO;
				SDKROOT = iphoneos;
				SWIFT_OPTIMIZATION_LEVEL = "-Owholemodule";
				VALIDATE_PRODUCT = YES;
			};
			name = Release;
		};
		A27E8932203C2BCF000DB52D /* Debug */ = {
			isa = XCBuildConfiguration;
			baseConfigurationReference = 49067AEEB337E657089B6AB5 /* Pods-GoodDay.debug.xcconfig */;
			buildSettings = {
				ASSETCATALOG_COMPILER_APPICON_NAME = AppIcon;
				CODE_SIGN_STYLE = Automatic;
				DEVELOPMENT_TEAM = GZQL33LF2B;
				FRAMEWORK_SEARCH_PATHS = (
					"$(inherited)",
					"$(PROJECT_DIR)/GoodDay/Support/HMD",
					"$(PROJECT_DIR)/GoodDay/Support/HMD/Pods/Crashlytics",
					"$(PROJECT_DIR)/GoodDay/Support/HMD/Pods/Crashlytics/iOS",
					"$(PROJECT_DIR)/GoodDay/Support/HMD/Pods/DJI-SDK-iOS/iOS_Mobile_SDK",
					"$(PROJECT_DIR)/GoodDay/Support/HMD/Pods/DJI-UILibrary-iOS/iOS_UILibrary",
					"$(PROJECT_DIR)/GoodDay/Support/HMD/Pods/Fabric",
					"$(PROJECT_DIR)/GoodDay/Support/HMD/Pods/Fabric/iOS",
				);
				INFOPLIST_FILE = GoodDay/Info.plist;
				IPHONEOS_DEPLOYMENT_TARGET = 11.2;
				LD_RUNPATH_SEARCH_PATHS = "$(inherited) @executable_path/Frameworks";
				LIBRARY_SEARCH_PATHS = (
					"$(inherited)",
					"$(PROJECT_DIR)/GoodDay/Support/HMD/VideoPreviewer/VideoPreviewer/ffmpeg/lib",
				);
				PRODUCT_BUNDLE_IDENTIFIER = com.siphty.GoodDay;
				PRODUCT_NAME = "$(TARGET_NAME)";
				SWIFT_VERSION = 4.0;
				TARGETED_DEVICE_FAMILY = "1,2";
			};
			name = Debug;
		};
		A27E8933203C2BCF000DB52D /* Release */ = {
			isa = XCBuildConfiguration;
			baseConfigurationReference = 73B57918D1D5B21F29D4A6EF /* Pods-GoodDay.release.xcconfig */;
			buildSettings = {
				ASSETCATALOG_COMPILER_APPICON_NAME = AppIcon;
				CODE_SIGN_STYLE = Automatic;
				DEVELOPMENT_TEAM = GZQL33LF2B;
				FRAMEWORK_SEARCH_PATHS = (
					"$(inherited)",
					"$(PROJECT_DIR)/GoodDay/Support/HMD",
					"$(PROJECT_DIR)/GoodDay/Support/HMD/Pods/Crashlytics",
					"$(PROJECT_DIR)/GoodDay/Support/HMD/Pods/Crashlytics/iOS",
					"$(PROJECT_DIR)/GoodDay/Support/HMD/Pods/DJI-SDK-iOS/iOS_Mobile_SDK",
					"$(PROJECT_DIR)/GoodDay/Support/HMD/Pods/DJI-UILibrary-iOS/iOS_UILibrary",
					"$(PROJECT_DIR)/GoodDay/Support/HMD/Pods/Fabric",
					"$(PROJECT_DIR)/GoodDay/Support/HMD/Pods/Fabric/iOS",
				);
				INFOPLIST_FILE = GoodDay/Info.plist;
				IPHONEOS_DEPLOYMENT_TARGET = 11.2;
				LD_RUNPATH_SEARCH_PATHS = "$(inherited) @executable_path/Frameworks";
				LIBRARY_SEARCH_PATHS = (
					"$(inherited)",
					"$(PROJECT_DIR)/GoodDay/Support/HMD/VideoPreviewer/VideoPreviewer/ffmpeg/lib",
				);
				PRODUCT_BUNDLE_IDENTIFIER = com.siphty.GoodDay;
				PRODUCT_NAME = "$(TARGET_NAME)";
				SWIFT_VERSION = 4.0;
				TARGETED_DEVICE_FAMILY = "1,2";
			};
			name = Release;
		};
		A27E8935203C2BCF000DB52D /* Debug */ = {
			isa = XCBuildConfiguration;
			baseConfigurationReference = 244B8156D62B7E092E97E54B /* Pods-GoodDayTests.debug.xcconfig */;
			buildSettings = {
				ALWAYS_EMBED_SWIFT_STANDARD_LIBRARIES = YES;
				BUNDLE_LOADER = "$(TEST_HOST)";
				CODE_SIGN_STYLE = Automatic;
				DEVELOPMENT_TEAM = GZQL33LF2B;
				INFOPLIST_FILE = GoodDayTests/Info.plist;
				LD_RUNPATH_SEARCH_PATHS = "$(inherited) @executable_path/Frameworks @loader_path/Frameworks";
				PRODUCT_BUNDLE_IDENTIFIER = com.siphty.GoodDayTests;
				PRODUCT_NAME = "$(TARGET_NAME)";
				SWIFT_VERSION = 4.0;
				TARGETED_DEVICE_FAMILY = "1,2";
				TEST_HOST = "$(BUILT_PRODUCTS_DIR)/GoodDay.app/GoodDay";
			};
			name = Debug;
		};
		A27E8936203C2BCF000DB52D /* Release */ = {
			isa = XCBuildConfiguration;
			baseConfigurationReference = 10D5DB53A4C00E012F5F2C16 /* Pods-GoodDayTests.release.xcconfig */;
			buildSettings = {
				ALWAYS_EMBED_SWIFT_STANDARD_LIBRARIES = YES;
				BUNDLE_LOADER = "$(TEST_HOST)";
				CODE_SIGN_STYLE = Automatic;
				DEVELOPMENT_TEAM = GZQL33LF2B;
				INFOPLIST_FILE = GoodDayTests/Info.plist;
				LD_RUNPATH_SEARCH_PATHS = "$(inherited) @executable_path/Frameworks @loader_path/Frameworks";
				PRODUCT_BUNDLE_IDENTIFIER = com.siphty.GoodDayTests;
				PRODUCT_NAME = "$(TARGET_NAME)";
				SWIFT_VERSION = 4.0;
				TARGETED_DEVICE_FAMILY = "1,2";
				TEST_HOST = "$(BUILT_PRODUCTS_DIR)/GoodDay.app/GoodDay";
			};
			name = Release;
		};
		A27E8938203C2BCF000DB52D /* Debug */ = {
			isa = XCBuildConfiguration;
			baseConfigurationReference = 86D345D736F1BA9AE741957C /* Pods-GoodDayUITests.debug.xcconfig */;
			buildSettings = {
				ALWAYS_EMBED_SWIFT_STANDARD_LIBRARIES = YES;
				CODE_SIGN_STYLE = Automatic;
				DEVELOPMENT_TEAM = GZQL33LF2B;
				INFOPLIST_FILE = GoodDayUITests/Info.plist;
				LD_RUNPATH_SEARCH_PATHS = "$(inherited) @executable_path/Frameworks @loader_path/Frameworks";
				PRODUCT_BUNDLE_IDENTIFIER = com.siphty.GoodDayUITests;
				PRODUCT_NAME = "$(TARGET_NAME)";
				SWIFT_VERSION = 4.0;
				TARGETED_DEVICE_FAMILY = "1,2";
				TEST_TARGET_NAME = GoodDay;
			};
			name = Debug;
		};
		A27E8939203C2BCF000DB52D /* Release */ = {
			isa = XCBuildConfiguration;
			baseConfigurationReference = 5D48C77E6B64B0248F980705 /* Pods-GoodDayUITests.release.xcconfig */;
			buildSettings = {
				ALWAYS_EMBED_SWIFT_STANDARD_LIBRARIES = YES;
				CODE_SIGN_STYLE = Automatic;
				DEVELOPMENT_TEAM = GZQL33LF2B;
				INFOPLIST_FILE = GoodDayUITests/Info.plist;
				LD_RUNPATH_SEARCH_PATHS = "$(inherited) @executable_path/Frameworks @loader_path/Frameworks";
				PRODUCT_BUNDLE_IDENTIFIER = com.siphty.GoodDayUITests;
				PRODUCT_NAME = "$(TARGET_NAME)";
				SWIFT_VERSION = 4.0;
				TARGETED_DEVICE_FAMILY = "1,2";
				TEST_TARGET_NAME = GoodDay;
			};
			name = Release;
		};
/* End XCBuildConfiguration section */

/* Begin XCConfigurationList section */
		A27E88FF203C2BCE000DB52D /* Build configuration list for PBXProject "GoodDay" */ = {
			isa = XCConfigurationList;
			buildConfigurations = (
				A27E892F203C2BCF000DB52D /* Debug */,
				A27E8930203C2BCF000DB52D /* Release */,
			);
			defaultConfigurationIsVisible = 0;
			defaultConfigurationName = Release;
		};
		A27E8931203C2BCF000DB52D /* Build configuration list for PBXNativeTarget "GoodDay" */ = {
			isa = XCConfigurationList;
			buildConfigurations = (
				A27E8932203C2BCF000DB52D /* Debug */,
				A27E8933203C2BCF000DB52D /* Release */,
			);
			defaultConfigurationIsVisible = 0;
			defaultConfigurationName = Release;
		};
		A27E8934203C2BCF000DB52D /* Build configuration list for PBXNativeTarget "GoodDayTests" */ = {
			isa = XCConfigurationList;
			buildConfigurations = (
				A27E8935203C2BCF000DB52D /* Debug */,
				A27E8936203C2BCF000DB52D /* Release */,
			);
			defaultConfigurationIsVisible = 0;
			defaultConfigurationName = Release;
		};
		A27E8937203C2BCF000DB52D /* Build configuration list for PBXNativeTarget "GoodDayUITests" */ = {
			isa = XCConfigurationList;
			buildConfigurations = (
				A27E8938203C2BCF000DB52D /* Debug */,
				A27E8939203C2BCF000DB52D /* Release */,
			);
			defaultConfigurationIsVisible = 0;
			defaultConfigurationName = Release;
		};
/* End XCConfigurationList section */

/* Begin XCVersionGroup section */
		A27E8909203C2BCF000DB52D /* GoodDay.xcdatamodeld */ = {
			isa = XCVersionGroup;
			children = (
				A27E890A203C2BCF000DB52D /* GoodDay.xcdatamodel */,
			);
			currentVersion = A27E890A203C2BCF000DB52D /* GoodDay.xcdatamodel */;
			path = GoodDay.xcdatamodeld;
			sourceTree = "<group>";
			versionGroupType = wrapper.xcdatamodel;
		};
/* End XCVersionGroup section */
	};
	rootObject = A27E88FC203C2BCE000DB52D /* Project object */;
}
